
Microsoft Visual Studio Solution File, Format Version 12.00
Project("{FAE04EC0-301F-11D3-BF4B-00C04F79EFBC}") = "CW2", "CW2\CW2.csproj", "{CE3ED88B-93AB-4B6B-A15C-80DD3899849D}"
EndProject
Global
	GlobalSection(SolutionConfigurationPlatforms) = preSolution
		Debug|Any CPU = Debug|Any CPU
		Release|Any CPU = Release|Any CPU
	EndGlobalSection
	GlobalSection(ProjectConfigurationPlatforms) = postSolution
		{CE3ED88B-93AB-4B6B-A15C-80DD3899849D}.Debug|Any CPU.ActiveCfg = Debug|Any CPU
		{CE3ED88B-93AB-4B6B-A15C-80DD3899849D}.Debug|Any CPU.Build.0 = Debug|Any CPU
		{CE3ED88B-93AB-4B6B-A15C-80DD3899849D}.Release|Any CPU.ActiveCfg = Release|Any CPU
		{CE3ED88B-93AB-4B6B-A15C-80DD3899849D}.Release|Any CPU.Build.0 = Release|Any CPU
	EndGlobalSection
EndGlobal
